
Microsoft Visual Studio Solution File, Format Version 12.00
# Visual Studio Version 17
VisualStudioVersion = 17.2.32602.215
MinimumVisualStudioVersion = 10.0.40219.1
Project("{9A19103F-16F7-4668-BE54-9A1E7A4F7556}") = "eShop.WebApp", "eShop.WebApp\eShop.WebApp.csproj", "{12FDB1BC-F27C-4940-9FBB-D8B93EE9166B}"
EndProject
Project("{2150E333-8FDC-42A3-9474-1A3956D46DE8}") = "Solution Items", "Solution Items", "{3428E21D-F2DE-4997-9A81-DA89D1A3C9D4}"
	ProjectSection(SolutionItems) = preProject
		README.md = README.md
	EndProjectSection
EndProject
Project("{FAE04EC0-301F-11D3-BF4B-00C04F79EFBC}") = "eShopSolution.Data", "eShopSolution.Data\eShopSolution.Data.csproj", "{A4C01C30-3251-4EBE-8142-DA855BB5AF41}"
EndProject
Project("{FAE04EC0-301F-11D3-BF4B-00C04F79EFBC}") = "eShopSolution.Application", "eShopSolution.Application\eShopSolution.Application.csproj", "{276FE5F2-7467-418B-97A6-60C0D0A527D9}"
EndProject
Global
	GlobalSection(SolutionConfigurationPlatforms) = preSolution
		Debug|Any CPU = Debug|Any CPU
		Release|Any CPU = Release|Any CPU
	EndGlobalSection
	GlobalSection(ProjectConfigurationPlatforms) = postSolution
		{12FDB1BC-F27C-4940-9FBB-D8B93EE9166B}.Debug|Any CPU.ActiveCfg = Debug|Any CPU
		{12FDB1BC-F27C-4940-9FBB-D8B93EE9166B}.Debug|Any CPU.Build.0 = Debug|Any CPU
		{12FDB1BC-F27C-4940-9FBB-D8B93EE9166B}.Release|Any CPU.ActiveCfg = Release|Any CPU
		{12FDB1BC-F27C-4940-9FBB-D8B93EE9166B}.Release|Any CPU.Build.0 = Release|Any CPU
		{A4C01C30-3251-4EBE-8142-DA855BB5AF41}.Debug|Any CPU.ActiveCfg = Debug|Any CPU
		{A4C01C30-3251-4EBE-8142-DA855BB5AF41}.Debug|Any CPU.Build.0 = Debug|Any CPU
		{A4C01C30-3251-4EBE-8142-DA855BB5AF41}.Release|Any CPU.ActiveCfg = Release|Any CPU
		{A4C01C30-3251-4EBE-8142-DA855BB5AF41}.Release|Any CPU.Build.0 = Release|Any CPU
		{276FE5F2-7467-418B-97A6-60C0D0A527D9}.Debug|Any CPU.ActiveCfg = Debug|Any CPU
		{276FE5F2-7467-418B-97A6-60C0D0A527D9}.Debug|Any CPU.Build.0 = Debug|Any CPU
		{276FE5F2-7467-418B-97A6-60C0D0A527D9}.Release|Any CPU.ActiveCfg = Release|Any CPU
		{276FE5F2-7467-418B-97A6-60C0D0A527D9}.Release|Any CPU.Build.0 = Release|Any CPU
	EndGlobalSection
	GlobalSection(SolutionProperties) = preSolution
		HideSolutionNode = FALSE
	EndGlobalSection
	GlobalSection(ExtensibilityGlobals) = postSolution
		SolutionGuid = {3F3B0FFC-55D2-44F7-92A9-FF026F0676DB}
	EndGlobalSection
EndGlobal
